Microsoft Visual Studio Solution File, Format Version 12.00
# Visual Studio Version 17
VisualStudioVersion = 17.5.2.0
MinimumVisualStudioVersion = 10.0.40219.1
Project("{FAE04EC0-301F-11D3-BF4B-00C04F79EFBC}") = "aprendendoStructs", "aprendendoStructs.csproj", "{1385D930-62F9-4A08-DF69-3DF9737393C6}"
EndProject
Global
	GlobalSection(SolutionConfigurationPlatforms) = preSolution
		Debug|Any CPU = Debug|Any CPU
		Release|Any CPU = Release|Any CPU
	EndGlobalSection
	GlobalSection(ProjectConfigurationPlatforms) = postSolution
		{1385D930-62F9-4A08-DF69-3DF9737393C6}.Debug|Any CPU.ActiveCfg = Debug|Any CPU
		{1385D930-62F9-4A08-DF69-3DF9737393C6}.Debug|Any CPU.Build.0 = Debug|Any CPU
		{1385D930-62F9-4A08-DF69-3DF9737393C6}.Release|Any CPU.ActiveCfg = Release|Any CPU
		{1385D930-62F9-4A08-DF69-3DF9737393C6}.Release|Any CPU.Build.0 = Release|Any CPU
	EndGlobalSection
	GlobalSection(SolutionProperties) = preSolution
		HideSolutionNode = FALSE
	EndGlobalSection
	GlobalSection(ExtensibilityGlobals) = postSolution
		SolutionGuid = {3D1C9347-C6D7-4868-825E-F6700F66378A}
	EndGlobalSection
EndGlobal
